
Microsoft Visual Studio Solution File, Format Version 12.00
# Visual Studio Version 16
VisualStudioVersion = 25.0.1704.0
MinimumVisualStudioVersion = 10.0.40219.1
Project("{FAE04EC0-301F-11D3-BF4B-00C04F79EFBC}") = "Final_Proj", "Final_Proj\Final_Proj.csproj", "{F7854418-6519-4291-B3DB-8F323F628304}"
EndProject
Global
	GlobalSection(SolutionConfigurationPlatforms) = preSolution
		Debug|Any CPU = Debug|Any CPU
		Release|Any CPU = Release|Any CPU
	EndGlobalSection
	GlobalSection(ProjectConfigurationPlatforms) = postSolution
		{F7854418-6519-4291-B3DB-8F323F628304}.Debug|Any CPU.ActiveCfg = Debug|Any CPU
		{F7854418-6519-4291-B3DB-8F323F628304}.Debug|Any CPU.Build.0 = Debug|Any CPU
		{F7854418-6519-4291-B3DB-8F323F628304}.Release|Any CPU.ActiveCfg = Release|Any CPU
		{F7854418-6519-4291-B3DB-8F323F628304}.Release|Any CPU.Build.0 = Release|Any CPU
	EndGlobalSection
	GlobalSection(SolutionProperties) = preSolution
		HideSolutionNode = FALSE
	EndGlobalSection
	GlobalSection(ExtensibilityGlobals) = postSolution
		SolutionGuid = {31FC48A1-AC41-457D-926D-FA1209422E61}
	EndGlobalSection
EndGlobal
